
Microsoft Visual Studio Solution File, Format Version 12.00
# Visual Studio Version 16
VisualStudioVersion = 16.0.31911.196
MinimumVisualStudioVersion = 10.0.40219.1
Project("{9A19103F-16F7-4668-BE54-9A1E7A4F7556}") = "exerciceAlgo", "exerciceAlgo\exerciceAlgo.csproj", "{A96D11BF-EB2B-45C9-976A-1DC12C9BEBD0}"
EndProject
Project("{9A19103F-16F7-4668-BE54-9A1E7A4F7556}") = "exercice_1_1_2", "exercice_1_1_2\exercice_1_1_2.csproj", "{9F717B65-294E-468A-8177-68140ED659A8}"
EndProject
Project("{9A19103F-16F7-4668-BE54-9A1E7A4F7556}") = "1_1_3", "1_1_3\1_1_3.csproj", "{A5091EEF-8341-40BD-A263-3C41112BDF56}"
EndProject
Project("{9A19103F-16F7-4668-BE54-9A1E7A4F7556}") = "1_2", "1_2\1_2.csproj", "{86CDD824-F2B2-4AD8-B4DF-846CA2E925D1}"
EndProject
Project("{9A19103F-16F7-4668-BE54-9A1E7A4F7556}") = "1_3", "1_3\1_3.csproj", "{573A51CC-B575-46A7-83B1-AEB740AB5E16}"
EndProject
Project("{9A19103F-16F7-4668-BE54-9A1E7A4F7556}") = "1_4", "1_4\1_4.csproj", "{4F7F76FE-2F7C-4D80-8726-CA0E1D9F3A3D}"
EndProject
Project("{9A19103F-16F7-4668-BE54-9A1E7A4F7556}") = "1_5", "1_5\1_5.csproj", "{487828F7-87C9-4828-8174-311146CAAF51}"
EndProject
Project("{9A19103F-16F7-4668-BE54-9A1E7A4F7556}") = "1_6", "1_6\1_6.csproj", "{573A7CDF-3C3A-4798-B1D2-FE22EB33ED12}"
EndProject
Project("{9A19103F-16F7-4668-BE54-9A1E7A4F7556}") = "1_7_1", "1_7_1\1_7_1.csproj", "{B2EB5493-DF55-4A40-82C1-7F21E6EE1661}"
EndProject
Project("{9A19103F-16F7-4668-BE54-9A1E7A4F7556}") = "1_7_2Juju", "1_7_2\1_7_2Juju.csproj", "{AF5AC5FE-5605-43A8-B71D-58E6CEC0C0BE}"
EndProject
Project("{9A19103F-16F7-4668-BE54-9A1E7A4F7556}") = "1_7_2Damien", "1_7_2Damien\1_7_2Damien.csproj", "{A3D19D26-6E52-44BD-9E56-6A0775CFACA6}"
EndProject
Project("{9A19103F-16F7-4668-BE54-9A1E7A4F7556}") = "1_8", "1_8\1_8.csproj", "{5C72B6EA-D12A-481A-A03F-9CC0C5D11701}"
EndProject
Project("{9A19103F-16F7-4668-BE54-9A1E7A4F7556}") = "1_9", "1_9\1_9.csproj", "{ADD996CB-ED71-4DB0-AB75-BE4CBCC79F62}"
EndProject
Project("{9A19103F-16F7-4668-BE54-9A1E7A4F7556}") = "1_10", "1_10\1_10.csproj", "{1B262D78-91B0-472C-870D-FFF04942085C}"
EndProject
Project("{9A19103F-16F7-4668-BE54-9A1E7A4F7556}") = "2.1.1", "2.1.1\2.1.1.csproj", "{3F959EB2-D0F4-4247-B14D-3EA217778646}"
EndProject
Project("{9A19103F-16F7-4668-BE54-9A1E7A4F7556}") = "2.1.2", "2.1.2\2.1.2.csproj", "{DDC8737A-76CB-42C1-A450-6918F26B94BD}"
EndProject
Project("{9A19103F-16F7-4668-BE54-9A1E7A4F7556}") = "2.1.3", "2.1.3\2.1.3.csproj", "{9D03CA7A-BC1E-4E3C-B85F-26D1F21667FB}"
EndProject
Project("{9A19103F-16F7-4668-BE54-9A1E7A4F7556}") = "2.2.2", "2.2\2.2.2.csproj", "{0F7A535C-CA56-4776-A5F8-1C2D737C1601}"
EndProject
Project("{9A19103F-16F7-4668-BE54-9A1E7A4F7556}") = "2.3", "2.3\2.3.csproj", "{CC964886-A436-4664-A354-ADF76A96937D}"
EndProject
Project("{9A19103F-16F7-4668-BE54-9A1E7A4F7556}") = "2.2.1", "2.2.1\2.2.1.csproj", "{08F9DE31-F97C-4722-8626-274B05CC91BA}"
EndProject
Project("{9A19103F-16F7-4668-BE54-9A1E7A4F7556}") = "2.4", "2.4\2.4.csproj", "{37D8927C-42B5-47C0-B75C-641B9AF04C0B}"
EndProject
Project("{9A19103F-16F7-4668-BE54-9A1E7A4F7556}") = "fonctionRecursif 1.2", "fonctionRecursif 1.2\fonctionRecursif 1.2.csproj", "{E5D86684-896F-4BFF-9DCB-8B8AA8B87DEC}"
EndProject
Project("{9A19103F-16F7-4668-BE54-9A1E7A4F7556}") = "2_6ProduitDeDeuxEntierFonctionRecursif", "2_6ProduitDeDeuxEntierFonctionRecursif\2_6ProduitDeDeuxEntierFonctionRecursif.csproj", "{8855B9E4-7D1A-4C5D-9DEA-E30A37312119}"
EndProject
Project("{9A19103F-16F7-4668-BE54-9A1E7A4F7556}") = "2_7CalculePuissanceFonctionRecursif", "2_7CalculePuissanceFonctionRecursif\2_7CalculePuissanceFonctionRecursif.csproj", "{3548C623-13D8-4D5D-9BA5-9D04FFB63C74}"
EndProject
Project("{9A19103F-16F7-4668-BE54-9A1E7A4F7556}") = "2_10PalindromeFonctionRecursif", "2_10PalindromeFonctionRecursif\2_10PalindromeFonctionRecursif.csproj", "{F0ACDD09-C6D0-421E-8C3A-D4DBA1BA0C46}"
EndProject
Project("{9A19103F-16F7-4668-BE54-9A1E7A4F7556}") = "2.5", "2.5\2.5.csproj", "{88E4707F-81D9-4162-B3A9-D84553EC97AD}"
EndProject
Project("{9A19103F-16F7-4668-BE54-9A1E7A4F7556}") = "2_7_1", "2_7_1\2_7_1.csproj", "{5394D6E5-84FD-407E-8CB3-EFCD892588EA}"
EndProject
Project("{9A19103F-16F7-4668-BE54-9A1E7A4F7556}") = "2_7_2", "2_7_2\2_7_2.csproj", "{06CDB856-19CD-4CC5-B8D3-0A537746504A}"
EndProject
Project("{9A19103F-16F7-4668-BE54-9A1E7A4F7556}") = "3_1", "3_1\3_1.csproj", "{DF56474D-E248-4D61-B50B-2AD45E2A7986}"
EndProject
Project("{9A19103F-16F7-4668-BE54-9A1E7A4F7556}") = "3_2", "3_2\3_2.csproj", "{56172D12-85AE-44B1-A96C-87215085A64B}"
EndProject
Project("{FAE04EC0-301F-11D3-BF4B-00C04F79EFBC}") = "3_6", "3_6\3_6.csproj", "{D056AC4A-E7FF-4115-93B0-C291D54053D1}"
EndProject
Project("{FAE04EC0-301F-11D3-BF4B-00C04F79EFBC}") = "calculeDeuxChiffreR", "calculeDeuxChiffreR\calculeDeuxChiffreR.csproj", "{FA4CD3A4-1416-420E-A83A-F922CAAC4672}"
EndProject
Project("{FAE04EC0-301F-11D3-BF4B-00C04F79EFBC}") = "eval1_1", "eval1_1\eval1_1.csproj", "{FB1F76FA-414F-4A0A-98DB-19D4CB578557}"
EndProject
Project("{FAE04EC0-301F-11D3-BF4B-00C04F79EFBC}") = "eval1_2", "eval1_2\eval1_2.csproj", "{15DDDC4D-5891-41D6-9CF6-485005A83C84}"
EndProject
Project("{FAE04EC0-301F-11D3-BF4B-00C04F79EFBC}") = "eval2_1", "eval2_1\eval2_1.csproj", "{432AEFF4-409D-48D6-8304-DD397E33788E}"
EndProject
Project("{FAE04EC0-301F-11D3-BF4B-00C04F79EFBC}") = "eval3_1", "eval3_1\eval3_1.csproj", "{C27A3775-F63B-4737-AA9C-28ECE4BB3E43}"
EndProject
Project("{FAE04EC0-301F-11D3-BF4B-00C04F79EFBC}") = "eval4_1", "eval4_1\eval4_1.csproj", "{3EC14204-989B-4D60-9BBE-0BDBF8F827E9}"
EndProject
Global
	GlobalSection(SolutionConfigurationPlatforms) = preSolution
		Debug|Any CPU = Debug|Any CPU
		Release|Any CPU = Release|Any CPU
	EndGlobalSection
	GlobalSection(ProjectConfigurationPlatforms) = postSolution
		{A96D11BF-EB2B-45C9-976A-1DC12C9BEBD0}.Debug|Any CPU.ActiveCfg = Debug|Any CPU
		{A96D11BF-EB2B-45C9-976A-1DC12C9BEBD0}.Debug|Any CPU.Build.0 = Debug|Any CPU
		{A96D11BF-EB2B-45C9-976A-1DC12C9BEBD0}.Release|Any CPU.ActiveCfg = Release|Any CPU
		{A96D11BF-EB2B-45C9-976A-1DC12C9BEBD0}.Release|Any CPU.Build.0 = Release|Any CPU
		{9F717B65-294E-468A-8177-68140ED659A8}.Debug|Any CPU.ActiveCfg = Debug|Any CPU
		{9F717B65-294E-468A-8177-68140ED659A8}.Debug|Any CPU.Build.0 = Debug|Any CPU
		{9F717B65-294E-468A-8177-68140ED659A8}.Release|Any CPU.ActiveCfg = Release|Any CPU
		{9F717B65-294E-468A-8177-68140ED659A8}.Release|Any CPU.Build.0 = Release|Any CPU
		{A5091EEF-8341-40BD-A263-3C41112BDF56}.Debug|Any CPU.ActiveCfg = Debug|Any CPU
		{A5091EEF-8341-40BD-A263-3C41112BDF56}.Debug|Any CPU.Build.0 = Debug|Any CPU
		{A5091EEF-8341-40BD-A263-3C41112BDF56}.Release|Any CPU.ActiveCfg = Release|Any CPU
		{A5091EEF-8341-40BD-A263-3C41112BDF56}.Release|Any CPU.Build.0 = Release|Any CPU
		{86CDD824-F2B2-4AD8-B4DF-846CA2E925D1}.Debug|Any CPU.ActiveCfg = Debug|Any CPU
		{86CDD824-F2B2-4AD8-B4DF-846CA2E925D1}.Debug|Any CPU.Build.0 = Debug|Any CPU
		{86CDD824-F2B2-4AD8-B4DF-846CA2E925D1}.Release|Any CPU.ActiveCfg = Release|Any CPU
		{86CDD824-F2B2-4AD8-B4DF-846CA2E925D1}.Release|Any CPU.Build.0 = Release|Any CPU
		{573A51CC-B575-46A7-83B1-AEB740AB5E16}.Debug|Any CPU.ActiveCfg = Debug|Any CPU
		{573A51CC-B575-46A7-83B1-AEB740AB5E16}.Debug|Any CPU.Build.0 = Debug|Any CPU
		{573A51CC-B575-46A7-83B1-AEB740AB5E16}.Release|Any CPU.ActiveCfg = Release|Any CPU
		{573A51CC-B575-46A7-83B1-AEB740AB5E16}.Release|Any CPU.Build.0 = Release|Any CPU
		{4F7F76FE-2F7C-4D80-8726-CA0E1D9F3A3D}.Debug|Any CPU.ActiveCfg = Debug|Any CPU
		{4F7F76FE-2F7C-4D80-8726-CA0E1D9F3A3D}.Debug|Any CPU.Build.0 = Debug|Any CPU
		{4F7F76FE-2F7C-4D80-8726-CA0E1D9F3A3D}.Release|Any CPU.ActiveCfg = Release|Any CPU
		{4F7F76FE-2F7C-4D80-8726-CA0E1D9F3A3D}.Release|Any CPU.Build.0 = Release|Any CPU
		{487828F7-87C9-4828-8174-311146CAAF51}.Debug|Any CPU.ActiveCfg = Debug|Any CPU
		{487828F7-87C9-4828-8174-311146CAAF51}.Debug|Any CPU.Build.0 = Debug|Any CPU
		{487828F7-87C9-4828-8174-311146CAAF51}.Release|Any CPU.ActiveCfg = Release|Any CPU
		{487828F7-87C9-4828-8174-311146CAAF51}.Release|Any CPU.Build.0 = Release|Any CPU
		{573A7CDF-3C3A-4798-B1D2-FE22EB33ED12}.Debug|Any CPU.ActiveCfg = Debug|Any CPU
		{573A7CDF-3C3A-4798-B1D2-FE22EB33ED12}.Debug|Any CPU.Build.0 = Debug|Any CPU
		{573A7CDF-3C3A-4798-B1D2-FE22EB33ED12}.Release|Any CPU.ActiveCfg = Release|Any CPU
		{573A7CDF-3C3A-4798-B1D2-FE22EB33ED12}.Release|Any CPU.Build.0 = Release|Any CPU
		{B2EB5493-DF55-4A40-82C1-7F21E6EE1661}.Debug|Any CPU.ActiveCfg = Debug|Any CPU
		{B2EB5493-DF55-4A40-82C1-7F21E6EE1661}.Debug|Any CPU.Build.0 = Debug|Any CPU
		{B2EB5493-DF55-4A40-82C1-7F21E6EE1661}.Release|Any CPU.ActiveCfg = Release|Any CPU
		{B2EB5493-DF55-4A40-82C1-7F21E6EE1661}.Release|Any CPU.Build.0 = Release|Any CPU
		{AF5AC5FE-5605-43A8-B71D-58E6CEC0C0BE}.Debug|Any CPU.ActiveCfg = Debug|Any CPU
		{AF5AC5FE-5605-43A8-B71D-58E6CEC0C0BE}.Debug|Any CPU.Build.0 = Debug|Any CPU
		{AF5AC5FE-5605-43A8-B71D-58E6CEC0C0BE}.Release|Any CPU.ActiveCfg = Release|Any CPU
		{AF5AC5FE-5605-43A8-B71D-58E6CEC0C0BE}.Release|Any CPU.Build.0 = Release|Any CPU
		{A3D19D26-6E52-44BD-9E56-6A0775CFACA6}.Debug|Any CPU.ActiveCfg = Debug|Any CPU
		{A3D19D26-6E52-44BD-9E56-6A0775CFACA6}.Debug|Any CPU.Build.0 = Debug|Any CPU
		{A3D19D26-6E52-44BD-9E56-6A0775CFACA6}.Release|Any CPU.ActiveCfg = Release|Any CPU
		{A3D19D26-6E52-44BD-9E56-6A0775CFACA6}.Release|Any CPU.Build.0 = Release|Any CPU
		{5C72B6EA-D12A-481A-A03F-9CC0C5D11701}.Debug|Any CPU.ActiveCfg = Debug|Any CPU
		{5C72B6EA-D12A-481A-A03F-9CC0C5D11701}.Debug|Any CPU.Build.0 = Debug|Any CPU
		{5C72B6EA-D12A-481A-A03F-9CC0C5D11701}.Release|Any CPU.ActiveCfg = Release|Any CPU
		{5C72B6EA-D12A-481A-A03F-9CC0C5D11701}.Release|Any CPU.Build.0 = Release|Any CPU
		{ADD996CB-ED71-4DB0-AB75-BE4CBCC79F62}.Debug|Any CPU.ActiveCfg = Debug|Any CPU
		{ADD996CB-ED71-4DB0-AB75-BE4CBCC79F62}.Debug|Any CPU.Build.0 = Debug|Any CPU
		{ADD996CB-ED71-4DB0-AB75-BE4CBCC79F62}.Release|Any CPU.ActiveCfg = Release|Any CPU
		{ADD996CB-ED71-4DB0-AB75-BE4CBCC79F62}.Release|Any CPU.Build.0 = Release|Any CPU
		{1B262D78-91B0-472C-870D-FFF04942085C}.Debug|Any CPU.ActiveCfg = Debug|Any CPU
		{1B262D78-91B0-472C-870D-FFF04942085C}.Debug|Any CPU.Build.0 = Debug|Any CPU
		{1B262D78-91B0-472C-870D-FFF04942085C}.Release|Any CPU.ActiveCfg = Release|Any CPU
		{1B262D78-91B0-472C-870D-FFF04942085C}.Release|Any CPU.Build.0 = Release|Any CPU
		{3F959EB2-D0F4-4247-B14D-3EA217778646}.Debug|Any CPU.ActiveCfg = Debug|Any CPU
		{3F959EB2-D0F4-4247-B14D-3EA217778646}.Debug|Any CPU.Build.0 = Debug|Any CPU
		{3F959EB2-D0F4-4247-B14D-3EA217778646}.Release|Any CPU.ActiveCfg = Release|Any CPU
		{3F959EB2-D0F4-4247-B14D-3EA217778646}.Release|Any CPU.Build.0 = Release|Any CPU
		{DDC8737A-76CB-42C1-A450-6918F26B94BD}.Debug|Any CPU.ActiveCfg = Debug|Any CPU
		{DDC8737A-76CB-42C1-A450-6918F26B94BD}.Debug|Any CPU.Build.0 = Debug|Any CPU
		{DDC8737A-76CB-42C1-A450-6918F26B94BD}.Release|Any CPU.ActiveCfg = Release|Any CPU
		{DDC8737A-76CB-42C1-A450-6918F26B94BD}.Release|Any CPU.Build.0 = Release|Any CPU
		{9D03CA7A-BC1E-4E3C-B85F-26D1F21667FB}.Debug|Any CPU.ActiveCfg = Debug|Any CPU
		{9D03CA7A-BC1E-4E3C-B85F-26D1F21667FB}.Debug|Any CPU.Build.0 = Debug|Any CPU
		{9D03CA7A-BC1E-4E3C-B85F-26D1F21667FB}.Release|Any CPU.ActiveCfg = Release|Any CPU
		{9D03CA7A-BC1E-4E3C-B85F-26D1F21667FB}.Release|Any CPU.Build.0 = Release|Any CPU
		{0F7A535C-CA56-4776-A5F8-1C2D737C1601}.Debug|Any CPU.ActiveCfg = Debug|Any CPU
		{0F7A535C-CA56-4776-A5F8-1C2D737C1601}.Debug|Any CPU.Build.0 = Debug|Any CPU
		{0F7A535C-CA56-4776-A5F8-1C2D737C1601}.Release|Any CPU.ActiveCfg = Release|Any CPU
		{0F7A535C-CA56-4776-A5F8-1C2D737C1601}.Release|Any CPU.Build.0 = Release|Any CPU
		{CC964886-A436-4664-A354-ADF76A96937D}.Debug|Any CPU.ActiveCfg = Debug|Any CPU
		{CC964886-A436-4664-A354-ADF76A96937D}.Debug|Any CPU.Build.0 = Debug|Any CPU
		{CC964886-A436-4664-A354-ADF76A96937D}.Release|Any CPU.ActiveCfg = Release|Any CPU
		{CC964886-A436-4664-A354-ADF76A96937D}.Release|Any CPU.Build.0 = Release|Any CPU
		{08F9DE31-F97C-4722-8626-274B05CC91BA}.Debug|Any CPU.ActiveCfg = Debug|Any CPU
		{08F9DE31-F97C-4722-8626-274B05CC91BA}.Debug|Any CPU.Build.0 = Debug|Any CPU
		{08F9DE31-F97C-4722-8626-274B05CC91BA}.Release|Any CPU.ActiveCfg = Release|Any CPU
		{08F9DE31-F97C-4722-8626-274B05CC91BA}.Release|Any CPU.Build.0 = Release|Any CPU
		{37D8927C-42B5-47C0-B75C-641B9AF04C0B}.Debug|Any CPU.ActiveCfg = Debug|Any CPU
		{37D8927C-42B5-47C0-B75C-641B9AF04C0B}.Debug|Any CPU.Build.0 = Debug|Any CPU
		{37D8927C-42B5-47C0-B75C-641B9AF04C0B}.Release|Any CPU.ActiveCfg = Release|Any CPU
		{37D8927C-42B5-47C0-B75C-641B9AF04C0B}.Release|Any CPU.Build.0 = Release|Any CPU
		{E5D86684-896F-4BFF-9DCB-8B8AA8B87DEC}.Debug|Any CPU.ActiveCfg = Debug|Any CPU
		{E5D86684-896F-4BFF-9DCB-8B8AA8B87DEC}.Debug|Any CPU.Build.0 = Debug|Any CPU
		{E5D86684-896F-4BFF-9DCB-8B8AA8B87DEC}.Release|Any CPU.ActiveCfg = Release|Any CPU
		{E5D86684-896F-4BFF-9DCB-8B8AA8B87DEC}.Release|Any CPU.Build.0 = Release|Any CPU
		{8855B9E4-7D1A-4C5D-9DEA-E30A37312119}.Debug|Any CPU.ActiveCfg = Debug|Any CPU
		{8855B9E4-7D1A-4C5D-9DEA-E30A37312119}.Debug|Any CPU.Build.0 = Debug|Any CPU
		{8855B9E4-7D1A-4C5D-9DEA-E30A37312119}.Release|Any CPU.ActiveCfg = Release|Any CPU
		{8855B9E4-7D1A-4C5D-9DEA-E30A37312119}.Release|Any CPU.Build.0 = Release|Any CPU
		{3548C623-13D8-4D5D-9BA5-9D04FFB63C74}.Debug|Any CPU.ActiveCfg = Debug|Any CPU
		{3548C623-13D8-4D5D-9BA5-9D04FFB63C74}.Debug|Any CPU.Build.0 = Debug|Any CPU
		{3548C623-13D8-4D5D-9BA5-9D04FFB63C74}.Release|Any CPU.ActiveCfg = Release|Any CPU
		{3548C623-13D8-4D5D-9BA5-9D04FFB63C74}.Release|Any CPU.Build.0 = Release|Any CPU
		{F0ACDD09-C6D0-421E-8C3A-D4DBA1BA0C46}.Debug|Any CPU.ActiveCfg = Debug|Any CPU
		{F0ACDD09-C6D0-421E-8C3A-D4DBA1BA0C46}.Debug|Any CPU.Build.0 = Debug|Any CPU
		{F0ACDD09-C6D0-421E-8C3A-D4DBA1BA0C46}.Release|Any CPU.ActiveCfg = Release|Any CPU
		{F0ACDD09-C6D0-421E-8C3A-D4DBA1BA0C46}.Release|Any CPU.Build.0 = Release|Any CPU
		{88E4707F-81D9-4162-B3A9-D84553EC97AD}.Debug|Any CPU.ActiveCfg = Debug|Any CPU
		{88E4707F-81D9-4162-B3A9-D84553EC97AD}.Debug|Any CPU.Build.0 = Debug|Any CPU
		{88E4707F-81D9-4162-B3A9-D84553EC97AD}.Release|Any CPU.ActiveCfg = Release|Any CPU
		{88E4707F-81D9-4162-B3A9-D84553EC97AD}.Release|Any CPU.Build.0 = Release|Any CPU
		{5394D6E5-84FD-407E-8CB3-EFCD892588EA}.Debug|Any CPU.ActiveCfg = Debug|Any CPU
		{5394D6E5-84FD-407E-8CB3-EFCD892588EA}.Debug|Any CPU.Build.0 = Debug|Any CPU
		{5394D6E5-84FD-407E-8CB3-EFCD892588EA}.Release|Any CPU.ActiveCfg = Release|Any CPU
		{5394D6E5-84FD-407E-8CB3-EFCD892588EA}.Release|Any CPU.Build.0 = Release|Any CPU
		{06CDB856-19CD-4CC5-B8D3-0A537746504A}.Debug|Any CPU.ActiveCfg = Debug|Any CPU
		{06CDB856-19CD-4CC5-B8D3-0A537746504A}.Debug|Any CPU.Build.0 = Debug|Any CPU
		{06CDB856-19CD-4CC5-B8D3-0A537746504A}.Release|Any CPU.ActiveCfg = Release|Any CPU
		{06CDB856-19CD-4CC5-B8D3-0A537746504A}.Release|Any CPU.Build.0 = Release|Any CPU
		{DF56474D-E248-4D61-B50B-2AD45E2A7986}.Debug|Any CPU.ActiveCfg = Debug|Any CPU
		{DF56474D-E248-4D61-B50B-2AD45E2A7986}.Debug|Any CPU.Build.0 = Debug|Any CPU
		{DF56474D-E248-4D61-B50B-2AD45E2A7986}.Release|Any CPU.ActiveCfg = Release|Any CPU
		{DF56474D-E248-4D61-B50B-2AD45E2A7986}.Release|Any CPU.Build.0 = Release|Any CPU
		{56172D12-85AE-44B1-A96C-87215085A64B}.Debug|Any CPU.ActiveCfg = Debug|Any CPU
		{56172D12-85AE-44B1-A96C-87215085A64B}.Debug|Any CPU.Build.0 = Debug|Any CPU
		{56172D12-85AE-44B1-A96C-87215085A64B}.Release|Any CPU.ActiveCfg = Release|Any CPU
		{56172D12-85AE-44B1-A96C-87215085A64B}.Release|Any CPU.Build.0 = Release|Any CPU
		{D056AC4A-E7FF-4115-93B0-C291D54053D1}.Debug|Any CPU.ActiveCfg = Debug|Any CPU
		{D056AC4A-E7FF-4115-93B0-C291D54053D1}.Debug|Any CPU.Build.0 = Debug|Any CPU
		{D056AC4A-E7FF-4115-93B0-C291D54053D1}.Release|Any CPU.ActiveCfg = Release|Any CPU
		{D056AC4A-E7FF-4115-93B0-C291D54053D1}.Release|Any CPU.Build.0 = Release|Any CPU
		{FA4CD3A4-1416-420E-A83A-F922CAAC4672}.Debug|Any CPU.ActiveCfg = Debug|Any CPU
		{FA4CD3A4-1416-420E-A83A-F922CAAC4672}.Debug|Any CPU.Build.0 = Debug|Any CPU
		{FA4CD3A4-1416-420E-A83A-F922CAAC4672}.Release|Any CPU.ActiveCfg = Release|Any CPU
		{FA4CD3A4-1416-420E-A83A-F922CAAC4672}.Release|Any CPU.Build.0 = Release|Any CPU
		{FB1F76FA-414F-4A0A-98DB-19D4CB578557}.Debug|Any CPU.ActiveCfg = Debug|Any CPU
		{FB1F76FA-414F-4A0A-98DB-19D4CB578557}.Debug|Any CPU.Build.0 = Debug|Any CPU
		{FB1F76FA-414F-4A0A-98DB-19D4CB578557}.Release|Any CPU.ActiveCfg = Release|Any CPU
		{FB1F76FA-414F-4A0A-98DB-19D4CB578557}.Release|Any CPU.Build.0 = Release|Any CPU
		{15DDDC4D-5891-41D6-9CF6-485005A83C84}.Debug|Any CPU.ActiveCfg = Debug|Any CPU
		{15DDDC4D-5891-41D6-9CF6-485005A83C84}.Debug|Any CPU.Build.0 = Debug|Any CPU
		{15DDDC4D-5891-41D6-9CF6-485005A83C84}.Release|Any CPU.ActiveCfg = Release|Any CPU
		{15DDDC4D-5891-41D6-9CF6-485005A83C84}.Release|Any CPU.Build.0 = Release|Any CPU
		{432AEFF4-409D-48D6-8304-DD397E33788E}.Debug|Any CPU.ActiveCfg = Debug|Any CPU
		{432AEFF4-409D-48D6-8304-DD397E33788E}.Debug|Any CPU.Build.0 = Debug|Any CPU
		{432AEFF4-409D-48D6-8304-DD397E33788E}.Release|Any CPU.ActiveCfg = Release|Any CPU
		{432AEFF4-409D-48D6-8304-DD397E33788E}.Release|Any CPU.Build.0 = Release|Any CPU
		{C27A3775-F63B-4737-AA9C-28ECE4BB3E43}.Debug|Any CPU.ActiveCfg = Debug|Any CPU
		{C27A3775-F63B-4737-AA9C-28ECE4BB3E43}.Debug|Any CPU.Build.0 = Debug|Any CPU
		{C27A3775-F63B-4737-AA9C-28ECE4BB3E43}.Release|Any CPU.ActiveCfg = Release|Any CPU
		{C27A3775-F63B-4737-AA9C-28ECE4BB3E43}.Release|Any CPU.Build.0 = Release|Any CPU
		{3EC14204-989B-4D60-9BBE-0BDBF8F827E9}.Debug|Any CPU.ActiveCfg = Debug|Any CPU
		{3EC14204-989B-4D60-9BBE-0BDBF8F827E9}.Debug|Any CPU.Build.0 = Debug|Any CPU
		{3EC14204-989B-4D60-9BBE-0BDBF8F827E9}.Release|Any CPU.ActiveCfg = Release|Any CPU
		{3EC14204-989B-4D60-9BBE-0BDBF8F827E9}.Release|Any CPU.Build.0 = Release|Any CPU
	EndGlobalSection
	GlobalSection(SolutionProperties) = preSolution
		HideSolutionNode = FALSE
	EndGlobalSection
	GlobalSection(ExtensibilityGlobals) = postSolution
		SolutionGuid = {3EB5E985-79F9-48E2-9625-0EF213DDCD65}
	EndGlobalSection
EndGlobal
